
Microsoft Visual Studio Solution File, Format Version 12.00
# Visual Studio Version 17
VisualStudioVersion = 17.0.31903.59
MinimumVisualStudioVersion = 10.0.40219.1
Project("{FAE04EC0-301F-11D3-BF4B-00C04F79EFBC}") = "ByteBank.Modelos", "ByteBank.Modelos\ByteBank.Modelos.csproj", "{20D5E01B-FDD4-4928-A20F-BBDDDDCBB863}"
EndProject
Project("{FAE04EC0-301F-11D3-BF4B-00C04F79EFBC}") = "ByteBank.SistemaAgencia", "ByteBank.SistemaAgencia\ByteBank.SistemaAgencia.csproj", "{418A9068-7BE3-4D4C-8D2C-CDD468BBAD36}"
EndProject
Global
	GlobalSection(SolutionConfigurationPlatforms) = preSolution
		Debug|Any CPU = Debug|Any CPU
		Release|Any CPU = Release|Any CPU
	EndGlobalSection
	GlobalSection(SolutionProperties) = preSolution
		HideSolutionNode = FALSE
	EndGlobalSection
	GlobalSection(ProjectConfigurationPlatforms) = postSolution
		{20D5E01B-FDD4-4928-A20F-BBDDDDCBB863}.Debug|Any CPU.ActiveCfg = Debug|Any CPU
		{20D5E01B-FDD4-4928-A20F-BBDDDDCBB863}.Debug|Any CPU.Build.0 = Debug|Any CPU
		{20D5E01B-FDD4-4928-A20F-BBDDDDCBB863}.Release|Any CPU.ActiveCfg = Release|Any CPU
		{20D5E01B-FDD4-4928-A20F-BBDDDDCBB863}.Release|Any CPU.Build.0 = Release|Any CPU
		{418A9068-7BE3-4D4C-8D2C-CDD468BBAD36}.Debug|Any CPU.ActiveCfg = Debug|Any CPU
		{418A9068-7BE3-4D4C-8D2C-CDD468BBAD36}.Debug|Any CPU.Build.0 = Debug|Any CPU
		{418A9068-7BE3-4D4C-8D2C-CDD468BBAD36}.Release|Any CPU.ActiveCfg = Release|Any CPU
		{418A9068-7BE3-4D4C-8D2C-CDD468BBAD36}.Release|Any CPU.Build.0 = Release|Any CPU
	EndGlobalSection
EndGlobal
